
Microsoft Visual Studio Solution File, Format Version 12.00
# Visual Studio Version 17
VisualStudioVersion = 17.1.32421.90
MinimumVisualStudioVersion = 10.0.40219.1
Project("{8BC9CEB8-8B4A-11D0-8D11-00A0C91BC942}") = "my_vector_2", "my_vector_2\my_vector_2.vcxproj", "{38537FC8-2966-46C5-852A-719CE8B9EC04}"
EndProject
Global
	GlobalSection(SolutionConfigurationPlatforms) = preSolution
		Debug|x64 = Debug|x64
		Debug|x86 = Debug|x86
		Release|x64 = Release|x64
		Release|x86 = Release|x86
	EndGlobalSection
	GlobalSection(ProjectConfigurationPlatforms) = postSolution
		{38537FC8-2966-46C5-852A-719CE8B9EC04}.Debug|x64.ActiveCfg = Debug|x64
		{38537FC8-2966-46C5-852A-719CE8B9EC04}.Debug|x64.Build.0 = Debug|x64
		{38537FC8-2966-46C5-852A-719CE8B9EC04}.Debug|x86.ActiveCfg = Debug|Win32
		{38537FC8-2966-46C5-852A-719CE8B9EC04}.Debug|x86.Build.0 = Debug|Win32
		{38537FC8-2966-46C5-852A-719CE8B9EC04}.Release|x64.ActiveCfg = Release|x64
		{38537FC8-2966-46C5-852A-719CE8B9EC04}.Release|x64.Build.0 = Release|x64
		{38537FC8-2966-46C5-852A-719CE8B9EC04}.Release|x86.ActiveCfg = Release|Win32
		{38537FC8-2966-46C5-852A-719CE8B9EC04}.Release|x86.Build.0 = Release|Win32
	EndGlobalSection
	GlobalSection(SolutionProperties) = preSolution
		HideSolutionNode = FALSE
	EndGlobalSection
	GlobalSection(ExtensibilityGlobals) = postSolution
		SolutionGuid = {8F8D6984-4556-4507-9C2B-6950C25126BE}
	EndGlobalSection
EndGlobal
